%{"continuum": {:git, "git://github.com/meh/continuum.git", "bd9e467fb37f68bd83211b3c5cae85700ebd3cf6", []},
  "cookiejar": {:git, "git://github.com/d0rc/elixir-cookiejar.git", "f148cb55c469aa07c05ecca3d608194c84e9c6b1", []},
  "hackney": {:git, "git://github.com/benoitc/hackney.git", "e18bdd2f68840c8fddd77875b06079087290e5cc", []},
  "hackney_lib": {:git, "git://github.com/benoitc/hackney_lib.git", "8050fe58fa6e6321fd38a255d0b61f7200f8648d", []},
  "httpoison": {:git, "git://github.com/d0rc/httpoison.git", "ea15882cdd52f121d9a4d3fbbc0139cd5b9218a4", []},
  "idna": {:git, "git://github.com/benoitc/erlang-idna.git", "21aa158b7f36bf2a000f12fe40d7f21eece9cf65", [tag: "hackney-0.11.2"]},
  "jsex": {:git, "git://github.com/talentdeficit/jsex.git", "a7a035bd3d0f35887e16f26aaf43ccf383b8f53d", []},
  "jsx": {:git, "git://github.com/talentdeficit/jsx.git", "8e150dafb9787dd6b608e912c1b52575b06fe7f8", [tag: "v2.0"]},
  "meck": {:git, "git://github.com/eproxus/meck.git", "2447206f201bab1054c49cd32621eee23fa0ee3b", [tag: "0.7.2"]},
  "mock": {:git, "git://github.com/jjh42/mock.git", "0f9b4d16884ddc112ddc694622f95b61973fddd8", []},
  "webtest": {:git, "git://github.com/d0rc/webtest.git", "be61bb34abda50b58ceae396a7f0f22e9aded830", []}}
